
Microsoft Visual Studio Solution File, Format Version 12.00
Project("{FAE04EC0-301F-11D3-BF4B-00C04F79EFBC}") = "Stage1_SimpleDependency", "Stage1_SimpleDependency\Stage1_SimpleDependency.csproj", "{D827226D-6354-4EB1-85E8-D55698D8D85A}"
EndProject
Global
	GlobalSection(SolutionConfigurationPlatforms) = preSolution
		Debug|Any CPU = Debug|Any CPU
		Release|Any CPU = Release|Any CPU
	EndGlobalSection
	GlobalSection(ProjectConfigurationPlatforms) = postSolution
		{D827226D-6354-4EB1-85E8-D55698D8D85A}.Debug|Any CPU.ActiveCfg = Debug|Any CPU
		{D827226D-6354-4EB1-85E8-D55698D8D85A}.Debug|Any CPU.Build.0 = Debug|Any CPU
		{D827226D-6354-4EB1-85E8-D55698D8D85A}.Release|Any CPU.ActiveCfg = Release|Any CPU
		{D827226D-6354-4EB1-85E8-D55698D8D85A}.Release|Any CPU.Build.0 = Release|Any CPU
	EndGlobalSection
EndGlobal
